
Microsoft Visual Studio Solution File, Format Version 12.00
# Visual Studio 15
VisualStudioVersion = 15.0.26403.3
MinimumVisualStudioVersion = 10.0.40219.1
Project("{FAE04EC0-301F-11D3-BF4B-00C04F79EFBC}") = "Timer.Wcf", "Timer.Wcf\Timer.Wcf.csproj", "{EABD0F0B-31F9-4BD8-B659-2B93EDD637C4}"
EndProject
Project("{FAE04EC0-301F-11D3-BF4B-00C04F79EFBC}") = "Timer.Context", "Timer.Context\Timer.Context.csproj", "{8073A9CF-7683-4CFB-B4B5-D6946C357927}"
EndProject
Project("{FAE04EC0-301F-11D3-BF4B-00C04F79EFBC}") = "Timer.Tests", "Timer.Tests\Timer.Tests.csproj", "{210A4CBB-4B92-4FAC-915F-27B41110287F}"
EndProject
Global
	GlobalSection(SolutionConfigurationPlatforms) = preSolution
		Debug|Any CPU = Debug|Any CPU
		Release|Any CPU = Release|Any CPU
	EndGlobalSection
	GlobalSection(ProjectConfigurationPlatforms) = postSolution
		{EABD0F0B-31F9-4BD8-B659-2B93EDD637C4}.Debug|Any CPU.ActiveCfg = Debug|Any CPU
		{EABD0F0B-31F9-4BD8-B659-2B93EDD637C4}.Debug|Any CPU.Build.0 = Debug|Any CPU
		{EABD0F0B-31F9-4BD8-B659-2B93EDD637C4}.Release|Any CPU.ActiveCfg = Release|Any CPU
		{EABD0F0B-31F9-4BD8-B659-2B93EDD637C4}.Release|Any CPU.Build.0 = Release|Any CPU
		{8073A9CF-7683-4CFB-B4B5-D6946C357927}.Debug|Any CPU.ActiveCfg = Debug|Any CPU
		{8073A9CF-7683-4CFB-B4B5-D6946C357927}.Debug|Any CPU.Build.0 = Debug|Any CPU
		{8073A9CF-7683-4CFB-B4B5-D6946C357927}.Release|Any CPU.ActiveCfg = Release|Any CPU
		{8073A9CF-7683-4CFB-B4B5-D6946C357927}.Release|Any CPU.Build.0 = Release|Any CPU
		{210A4CBB-4B92-4FAC-915F-27B41110287F}.Debug|Any CPU.ActiveCfg = Debug|Any CPU
		{210A4CBB-4B92-4FAC-915F-27B41110287F}.Debug|Any CPU.Build.0 = Debug|Any CPU
		{210A4CBB-4B92-4FAC-915F-27B41110287F}.Release|Any CPU.ActiveCfg = Release|Any CPU
		{210A4CBB-4B92-4FAC-915F-27B41110287F}.Release|Any CPU.Build.0 = Release|Any CPU
	EndGlobalSection
	GlobalSection(SolutionProperties) = preSolution
		HideSolutionNode = FALSE
	EndGlobalSection
EndGlobal
